
Microsoft Visual Studio Solution File, Format Version 12.00
# Visual Studio Version 17
VisualStudioVersion = 17.4.33205.214
MinimumVisualStudioVersion = 10.0.40219.1
Project("{FAE04EC0-301F-11D3-BF4B-00C04F79EFBC}") = "TuplesPractice", "TuplesPractice.csproj", "{5728EF39-B37D-4489-B3A2-C58EF01B02F7}"
EndProject
Global
	GlobalSection(SolutionConfigurationPlatforms) = preSolution
		Debug|Any CPU = Debug|Any CPU
		Release|Any CPU = Release|Any CPU
	EndGlobalSection
	GlobalSection(ProjectConfigurationPlatforms) = postSolution
		{5728EF39-B37D-4489-B3A2-C58EF01B02F7}.Debug|Any CPU.ActiveCfg = Debug|Any CPU
		{5728EF39-B37D-4489-B3A2-C58EF01B02F7}.Debug|Any CPU.Build.0 = Debug|Any CPU
		{5728EF39-B37D-4489-B3A2-C58EF01B02F7}.Release|Any CPU.ActiveCfg = Release|Any CPU
		{5728EF39-B37D-4489-B3A2-C58EF01B02F7}.Release|Any CPU.Build.0 = Release|Any CPU
	EndGlobalSection
	GlobalSection(SolutionProperties) = preSolution
		HideSolutionNode = FALSE
	EndGlobalSection
	GlobalSection(ExtensibilityGlobals) = postSolution
		SolutionGuid = {A5E81B1B-0611-47A9-8C51-FB58D3F4D622}
	EndGlobalSection
EndGlobal
